
Microsoft Visual Studio Solution File, Format Version 12.00
# Visual Studio Version 16
VisualStudioVersion = 16.0.29009.5
MinimumVisualStudioVersion = 10.0.40219.1
Project("{FAE04EC0-301F-11D3-BF4B-00C04F79EFBC}") = "VotingSystem", "VotingSystem\VotingSystem.csproj", "{97A95F66-AB84-43B4-ACC2-951290B24441}"
EndProject
Global
	GlobalSection(SolutionConfigurationPlatforms) = preSolution
		Debug|Any CPU = Debug|Any CPU
		Release|Any CPU = Release|Any CPU
	EndGlobalSection
	GlobalSection(ProjectConfigurationPlatforms) = postSolution
		{97A95F66-AB84-43B4-ACC2-951290B24441}.Debug|Any CPU.ActiveCfg = Debug|Any CPU
		{97A95F66-AB84-43B4-ACC2-951290B24441}.Debug|Any CPU.Build.0 = Debug|Any CPU
		{97A95F66-AB84-43B4-ACC2-951290B24441}.Release|Any CPU.ActiveCfg = Release|Any CPU
		{97A95F66-AB84-43B4-ACC2-951290B24441}.Release|Any CPU.Build.0 = Release|Any CPU
	EndGlobalSection
	GlobalSection(SolutionProperties) = preSolution
		HideSolutionNode = FALSE
	EndGlobalSection
	GlobalSection(ExtensibilityGlobals) = postSolution
		SolutionGuid = {2821ED98-E9C0-41EF-9BB7-76FA5B4E6BF2}
	EndGlobalSection
EndGlobal
